
Microsoft Visual Studio Solution File, Format Version 12.00
# Visual Studio Version 17
VisualStudioVersion = 17.4.33213.308
MinimumVisualStudioVersion = 10.0.40219.1
Project("{FAE04EC0-301F-11D3-BF4B-00C04F79EFBC}") = "Harjoitus2", "Harjoitus2\Harjoitus2.csproj", "{1A424B59-66C3-470F-8B69-B897C7463580}"
EndProject
Global
	GlobalSection(SolutionConfigurationPlatforms) = preSolution
		Debug|Any CPU = Debug|Any CPU
		Release|Any CPU = Release|Any CPU
	EndGlobalSection
	GlobalSection(ProjectConfigurationPlatforms) = postSolution
		{1A424B59-66C3-470F-8B69-B897C7463580}.Debug|Any CPU.ActiveCfg = Debug|Any CPU
		{1A424B59-66C3-470F-8B69-B897C7463580}.Debug|Any CPU.Build.0 = Debug|Any CPU
		{1A424B59-66C3-470F-8B69-B897C7463580}.Release|Any CPU.ActiveCfg = Release|Any CPU
		{1A424B59-66C3-470F-8B69-B897C7463580}.Release|Any CPU.Build.0 = Release|Any CPU
	EndGlobalSection
	GlobalSection(SolutionProperties) = preSolution
		HideSolutionNode = FALSE
	EndGlobalSection
	GlobalSection(ExtensibilityGlobals) = postSolution
		SolutionGuid = {ADFB2B22-C7BE-48D7-A184-0938129E0DE1}
	EndGlobalSection
EndGlobal
