
Microsoft Visual Studio Solution File, Format Version 12.00
# Visual Studio Version 17
VisualStudioVersion = 17.4.33213.308
MinimumVisualStudioVersion = 10.0.40219.1
Project("{FAE04EC0-301F-11D3-BF4B-00C04F79EFBC}") = "AppleGame", "AppleGame\AppleGame.csproj", "{617ECB6F-28C5-4028-B9FA-419857D8ED2A}"
EndProject
Global
	GlobalSection(SolutionConfigurationPlatforms) = preSolution
		Debug|Any CPU = Debug|Any CPU
		Release|Any CPU = Release|Any CPU
	EndGlobalSection
	GlobalSection(ProjectConfigurationPlatforms) = postSolution
		{617ECB6F-28C5-4028-B9FA-419857D8ED2A}.Debug|Any CPU.ActiveCfg = Debug|Any CPU
		{617ECB6F-28C5-4028-B9FA-419857D8ED2A}.Debug|Any CPU.Build.0 = Debug|Any CPU
		{617ECB6F-28C5-4028-B9FA-419857D8ED2A}.Release|Any CPU.ActiveCfg = Release|Any CPU
		{617ECB6F-28C5-4028-B9FA-419857D8ED2A}.Release|Any CPU.Build.0 = Release|Any CPU
	EndGlobalSection
	GlobalSection(SolutionProperties) = preSolution
		HideSolutionNode = FALSE
	EndGlobalSection
	GlobalSection(ExtensibilityGlobals) = postSolution
		SolutionGuid = {296E8B87-271C-4471-9D86-40BC85EE73F4}
	EndGlobalSection
EndGlobal
